// !$*UTF8*$!
{
	archiveVersion = 1;
	classes = {
	};
	objectVersion = 46;
	objects = {

/* Begin PBXBuildFile section */
		A5D620DBF80CB08175325BA1 /* Pods_PokeApp.framework in Frameworks */ = {isa = PBXBuildFile; fileRef = 8858327D17CDD33FB7B953D1 /* Pods_PokeApp.framework */; };
		D72D0BFE1D3A9B7700D6FF32 /* User.swift in Sources */ = {isa = PBXBuildFile; fileRef = D72D0BFD1D3A9B7700D6FF32 /* User.swift */; };
		D77DE18F1D31ACF300B9B52E /* HomeViewController.swift in Sources */ = {isa = PBXBuildFile; fileRef = D77DE18E1D31ACF300B9B52E /* HomeViewController.swift */; };
		D793ADC41D30147D00789D32 /* AppDelegate.swift in Sources */ = {isa = PBXBuildFile; fileRef = D793ADC31D30147D00789D32 /* AppDelegate.swift */; };
		D793ADC61D30147D00789D32 /* ViewController.swift in Sources */ = {isa = PBXBuildFile; fileRef = D793ADC51D30147D00789D32 /* ViewController.swift */; };
		D793ADC91D30147D00789D32 /* Main.storyboard in Resources */ = {isa = PBXBuildFile; fileRef = D793ADC71D30147D00789D32 /* Main.storyboard */; };
		D793ADCE1D30147D00789D32 /* LaunchScreen.storyboard in Resources */ = {isa = PBXBuildFile; fileRef = D793ADCC1D30147D00789D32 /* LaunchScreen.storyboard */; };
		D793ADD61D3014B200789D32 /* LoginViewController.swift in Sources */ = {isa = PBXBuildFile; fileRef = D793ADD51D3014B200789D32 /* LoginViewController.swift */; };
		D7B1CDF51D319B410015471C /* Assets.xcassets in Resources */ = {isa = PBXBuildFile; fileRef = D7B1CDF41D319B410015471C /* Assets.xcassets */; };
		D7B1CDF71D31A5960015471C /* RegisterViewController.swift in Sources */ = {isa = PBXBuildFile; fileRef = D7B1CDF61D31A5960015471C /* RegisterViewController.swift */; };
		D7BC16401D3AD90B0079E960 /* PokemonResponse.swift in Sources */ = {isa = PBXBuildFile; fileRef = D7BC163F1D3AD90B0079E960 /* PokemonResponse.swift */; };
		D7FE77E11D3AB501008B602D /* Util.swift in Sources */ = {isa = PBXBuildFile; fileRef = D7FE77E01D3AB501008B602D /* Util.swift */; };
/* End PBXBuildFile section */

/* Begin PBXFileReference section */
		5EB1F260D4F8610E8DE052DC /* Pods-PokeApp.debug.xcconfig */ = {isa = PBXFileReference; includeInIndex = 1; lastKnownFileType = text.xcconfig; name = "Pods-PokeApp.debug.xcconfig"; path = "Pods/Target Support Files/Pods-PokeApp/Pods-PokeApp.debug.xcconfig"; sourceTree = "<group>"; };
		78C9F40E7AC2FB39EE455D48 /* Pods-PokeApp.release.xcconfig */ = {isa = PBXFileReference; includeInIndex = 1; lastKnownFileType = text.xcconfig; name = "Pods-PokeApp.release.xcconfig"; path = "Pods/Target Support Files/Pods-PokeApp/Pods-PokeApp.release.xcconfig"; sourceTree = "<group>"; };
		8858327D17CDD33FB7B953D1 /* Pods_PokeApp.framework */ = {isa = PBXFileReference; explicitFileType = wrapper.framework; includeInIndex = 0; path = Pods_PokeApp.framework; sourceTree = BUILT_PRODUCTS_DIR; };
		D72D0BFD1D3A9B7700D6FF32 /* User.swift */ = {isa = PBXFileReference; fileEncoding = 4; lastKnownFileType = sourcecode.swift; path = User.swift; sourceTree = "<group>"; };
		D77DE18E1D31ACF300B9B52E /* HomeViewController.swift */ = {isa = PBXFileReference; fileEncoding = 4; lastKnownFileType = sourcecode.swift; name = HomeViewController.swift; path = ../HomeViewController.swift; sourceTree = "<group>"; };
		D793ADC01D30147D00789D32 /* PokeApp.app */ = {isa = PBXFileReference; explicitFileType = wrapper.application; includeInIndex = 0; path = PokeApp.app; sourceTree = BUILT_PRODUCTS_DIR; };
		D793ADC31D30147D00789D32 /* AppDelegate.swift */ = {isa = PBXFileReference; lastKnownFileType = sourcecode.swift; path = AppDelegate.swift; sourceTree = "<group>"; };
		D793ADC51D30147D00789D32 /* ViewController.swift */ = {isa = PBXFileReference; lastKnownFileType = sourcecode.swift; path = ViewController.swift; sourceTree = "<group>"; };
		D793ADC81D30147D00789D32 /* Base */ = {isa = PBXFileReference; lastKnownFileType = file.storyboard; name = Base; path = Base.lproj/Main.storyboard; sourceTree = "<group>"; };
		D793ADCD1D30147D00789D32 /* Base */ = {isa = PBXFileReference; lastKnownFileType = file.storyboard; name = Base; path = Base.lproj/LaunchScreen.storyboard; sourceTree = "<group>"; };
		D793ADCF1D30147D00789D32 /* Info.plist */ = {isa = PBXFileReference; lastKnownFileType = text.plist.xml; path = Info.plist; sourceTree = "<group>"; };
		D793ADD51D3014B200789D32 /* LoginViewController.swift */ = {isa = PBXFileReference; fileEncoding = 4; lastKnownFileType = sourcecode.swift; path = LoginViewController.swift; sourceTree = "<group>"; };
		D7B1CDF41D319B410015471C /* Assets.xcassets */ = {isa = PBXFileReference; lastKnownFileType = folder.assetcatalog; path = Assets.xcassets; sourceTree = "<group>"; };
		D7B1CDF61D31A5960015471C /* RegisterViewController.swift */ = {isa = PBXFileReference; fileEncoding = 4; lastKnownFileType = sourcecode.swift; path = RegisterViewController.swift; sourceTree = "<group>"; };
		D7BC163F1D3AD90B0079E960 /* PokemonResponse.swift */ = {isa = PBXFileReference; fileEncoding = 4; lastKnownFileType = sourcecode.swift; path = PokemonResponse.swift; sourceTree = "<group>"; };
		D7FE77E01D3AB501008B602D /* Util.swift */ = {isa = PBXFileReference; fileEncoding = 4; lastKnownFileType = sourcecode.swift; path = Util.swift; sourceTree = "<group>"; };
/* End PBXFileReference section */

/* Begin PBXFrameworksBuildPhase section */
		D793ADBD1D30147D00789D32 /* Frameworks */ = {
			isa = PBXFrameworksBuildPhase;
			buildActionMask = 2147483647;
			files = (
				A5D620DBF80CB08175325BA1 /* Pods_PokeApp.framework in Frameworks */,
			);
			runOnlyForDeploymentPostprocessing = 0;
		};
/* End PBXFrameworksBuildPhase section */

/* Begin PBXGroup section */
		634BCB53AE619117A9F222D6 /* Frameworks */ = {
			isa = PBXGroup;
			children = (
				8858327D17CDD33FB7B953D1 /* Pods_PokeApp.framework */,
			);
			name = Frameworks;
			sourceTree = "<group>";
		};
		94EDC910BBE9EB23444D0033 /* Pods */ = {
			isa = PBXGroup;
			children = (
				5EB1F260D4F8610E8DE052DC /* Pods-PokeApp.debug.xcconfig */,
				78C9F40E7AC2FB39EE455D48 /* Pods-PokeApp.release.xcconfig */,
			);
			name = Pods;
			sourceTree = "<group>";
		};
		D72D0BFC1D3A9B4900D6FF32 /* Objects */ = {
			isa = PBXGroup;
			children = (
				D72D0BFD1D3A9B7700D6FF32 /* User.swift */,
				D7BC163F1D3AD90B0079E960 /* PokemonResponse.swift */,
			);
			name = Objects;
			sourceTree = "<group>";
		};
		D793ADB71D30147D00789D32 = {
			isa = PBXGroup;
			children = (
				D793ADC21D30147D00789D32 /* PokeApp */,
				D793ADC11D30147D00789D32 /* Products */,
				94EDC910BBE9EB23444D0033 /* Pods */,
				634BCB53AE619117A9F222D6 /* Frameworks */,
			);
			sourceTree = "<group>";
		};
		D793ADC11D30147D00789D32 /* Products */ = {
			isa = PBXGroup;
			children = (
				D793ADC01D30147D00789D32 /* PokeApp.app */,
			);
			name = Products;
			sourceTree = "<group>";
		};
		D793ADC21D30147D00789D32 /* PokeApp */ = {
			isa = PBXGroup;
			children = (
				D72D0BFC1D3A9B4900D6FF32 /* Objects */,
				D77DE18E1D31ACF300B9B52E /* HomeViewController.swift */,
				D7B1CDF41D319B410015471C /* Assets.xcassets */,
				D793ADC31D30147D00789D32 /* AppDelegate.swift */,
				D793ADC51D30147D00789D32 /* ViewController.swift */,
				D793ADC71D30147D00789D32 /* Main.storyboard */,
				D793ADCC1D30147D00789D32 /* LaunchScreen.storyboard */,
				D793ADCF1D30147D00789D32 /* Info.plist */,
				D793ADD51D3014B200789D32 /* LoginViewController.swift */,
				D7B1CDF61D31A5960015471C /* RegisterViewController.swift */,
				D7FE77E01D3AB501008B602D /* Util.swift */,
			);
			path = PokeApp;
			sourceTree = "<group>";
		};
/* End PBXGroup section */

/* Begin PBXNativeTarget section */
		D793ADBF1D30147D00789D32 /* PokeApp */ = {
			isa = PBXNativeTarget;
			buildConfigurationList = D793ADD21D30147D00789D32 /* Build configuration list for PBXNativeTarget "PokeApp" */;
			buildPhases = (
				72748DFF2A9B1F91AE1A9EF3 /* [CP] Check Pods Manifest.lock */,
				D793ADBC1D30147D00789D32 /* Sources */,
				D793ADBD1D30147D00789D32 /* Frameworks */,
				D793ADBE1D30147D00789D32 /* Resources */,
				78C3DD4C00485FDA157511E6 /* [CP] Embed Pods Frameworks */,
				0B238B6F6AFE24DB0AE59367 /* [CP] Copy Pods Resources */,
			);
			buildRules = (
			);
			dependencies = (
			);
			name = PokeApp;
			productName = PokeApp;
			productReference = D793ADC01D30147D00789D32 /* PokeApp.app */;
			productType = "com.apple.product-type.application";
		};
/* End PBXNativeTarget section */

/* Begin PBXProject section */
		D793ADB81D30147D00789D32 /* Project object */ = {
			isa = PBXProject;
			attributes = {
				LastSwiftUpdateCheck = 0730;
				LastUpgradeCheck = 0730;
				ORGANIZATIONNAME = "Damir Kopljar";
				TargetAttributes = {
					D793ADBF1D30147D00789D32 = {
						CreatedOnToolsVersion = 7.3.1;
					};
				};
			};
			buildConfigurationList = D793ADBB1D30147D00789D32 /* Build configuration list for PBXProject "PokeApp" */;
			compatibilityVersion = "Xcode 3.2";
			developmentRegion = English;
			hasScannedForEncodings = 0;
			knownRegions = (
				en,
				Base,
			);
			mainGroup = D793ADB71D30147D00789D32;
			productRefGroup = D793ADC11D30147D00789D32 /* Products */;
			projectDirPath = "";
			projectRoot = "";
			targets = (
				D793ADBF1D30147D00789D32 /* PokeApp */,
			);
		};
/* End PBXProject section */

/* Begin PBXResourcesBuildPhase section */
		D793ADBE1D30147D00789D32 /* Resources */ = {
			isa = PBXResourcesBuildPhase;
			buildActionMask = 2147483647;
			files = (
				D793ADCE1D30147D00789D32 /* LaunchScreen.storyboard in Resources */,
				D7B1CDF51D319B410015471C /* Assets.xcassets in Resources */,
				D793ADC91D30147D00789D32 /* Main.storyboard in Resources */,
			);
			runOnlyForDeploymentPostprocessing = 0;
		};
/* End PBXResourcesBuildPhase section */

/* Begin PBXShellScriptBuildPhase section */
		0B238B6F6AFE24DB0AE59367 /* [CP] Copy Pods Resources */ = {
			isa = PBXShellScriptBuildPhase;
			buildActionMask = 2147483647;
			files = (
			);
			inputPaths = (
			);
			name = "[CP] Copy Pods Resources";
			outputPaths = (
			);
			runOnlyForDeploymentPostprocessing = 0;
			shellPath = /bin/sh;
			shellScript = "\"${SRCROOT}/Pods/Target Support Files/Pods-PokeApp/Pods-PokeApp-resources.sh\"\n";
			showEnvVarsInLog = 0;
		};
		72748DFF2A9B1F91AE1A9EF3 /* [CP] Check Pods Manifest.lock */ = {
			isa = PBXShellScriptBuildPhase;
			buildActionMask = 2147483647;
			files = (
			);
			inputPaths = (
			);
			name = "[CP] Check Pods Manifest.lock";
			outputPaths = (
			);
			runOnlyForDeploymentPostprocessing = 0;
			shellPath = /bin/sh;
			shellScript = "diff \"${PODS_ROOT}/../Podfile.lock\" \"${PODS_ROOT}/Manifest.lock\" > /dev/null\nif [[ $? != 0 ]] ; then\n    cat << EOM\nerror: The sandbox is not in sync with the Podfile.lock. Run 'pod install' or update your CocoaPods installation.\nEOM\n    exit 1\nfi\n";
			showEnvVarsInLog = 0;
		};
		78C3DD4C00485FDA157511E6 /* [CP] Embed Pods Frameworks */ = {
			isa = PBXShellScriptBuildPhase;
			buildActionMask = 2147483647;
			files = (
			);
			inputPaths = (
			);
			name = "[CP] Embed Pods Frameworks";
			outputPaths = (
			);
			runOnlyForDeploymentPostprocessing = 0;
			shellPath = /bin/sh;
			shellScript = "\"${SRCROOT}/Pods/Target Support Files/Pods-PokeApp/Pods-PokeApp-frameworks.sh\"\n";
			showEnvVarsInLog = 0;
		};
/* End PBXShellScriptBuildPhase section */

/* Begin PBXSourcesBuildPhase section */
		D793ADBC1D30147D00789D32 /* Sources */ = {
			isa = PBXSourcesBuildPhase;
			buildActionMask = 2147483647;
			files = (
				D77DE18F1D31ACF300B9B52E /* HomeViewController.swift in Sources */,
				D793ADD61D3014B200789D32 /* LoginViewController.swift in Sources */,
				D72D0BFE1D3A9B7700D6FF32 /* User.swift in Sources */,
				D793ADC61D30147D00789D32 /* ViewController.swift in Sources */,
				D7FE77E11D3AB501008B602D /* Util.swift in Sources */,
				D7BC16401D3AD90B0079E960 /* PokemonResponse.swift in Sources */,
				D793ADC41D30147D00789D32 /* AppDelegate.swift in Sources */,
				D7B1CDF71D31A5960015471C /* RegisterViewController.swift in Sources */,
			);
			runOnlyForDeploymentPostprocessing = 0;
		};
/* End PBXSourcesBuildPhase section */

/* Begin PBXVariantGroup section */
		D793ADC71D30147D00789D32 /* Main.storyboard */ = {
			isa = PBXVariantGroup;
			children = (
				D793ADC81D30147D00789D32 /* Base */,
			);
			name = Main.storyboard;
			sourceTree = "<group>";
		};
		D793ADCC1D30147D00789D32 /* LaunchScreen.storyboard */ = {
			isa = PBXVariantGroup;
			children = (
				D793ADCD1D30147D00789D32 /* Base */,
			);
			name = LaunchScreen.storyboard;
			sourceTree = "<group>";
		};
/* End PBXVariantGroup section */

/* Begin XCBuildConfiguration section */
		D793ADD01D30147D00789D32 /* Debug */ = {
			isa = XCBuildConfiguration;
			buildSettings = {
				ALWAYS_SEARCH_USER_PATHS = NO;
				CLANG_ANALYZER_NONNULL = YES;
				CLANG_CXX_LANGUAGE_STANDARD = "gnu++0x";
				CLANG_CXX_LIBRARY = "libc++";
				CLANG_ENABLE_MODULES = YES;
				CLANG_ENABLE_OBJC_ARC = YES;
				CLANG_WARN_BOOL_CONVERSION = YES;
				CLANG_WARN_CONSTANT_CONVERSION = YES;
				CLANG_WARN_DIRECT_OBJC_ISA_USAGE = YES_ERROR;
				CLANG_WARN_EMPTY_BODY = YES;
				CLANG_WARN_ENUM_CONVERSION = YES;
				CLANG_WARN_INT_CONVERSION = YES;
				CLANG_WARN_OBJC_ROOT_CLASS = YES_ERROR;
				CLANG_WARN_UNREACHABLE_CODE = YES;
				CLANG_WARN__DUPLICATE_METHOD_MATCH = YES;
				"CODE_SIGN_IDENTITY[sdk=iphoneos*]" = "iPhone Developer";
				COPY_PHASE_STRIP = NO;
				DEBUG_INFORMATION_FORMAT = dwarf;
				ENABLE_STRICT_OBJC_MSGSEND = YES;
				ENABLE_TESTABILITY = YES;
				GCC_C_LANGUAGE_STANDARD = gnu99;
				GCC_DYNAMIC_NO_PIC = NO;
				GCC_NO_COMMON_BLOCKS = YES;
				GCC_OPTIMIZATION_LEVEL = 0;
				GCC_PREPROCESSOR_DEFINITIONS = (
					"DEBUG=1",
					"$(inherited)",
				);
				GCC_WARN_64_TO_32_BIT_CONVERSION = YES;
				GCC_WARN_ABOUT_RETURN_TYPE = YES_ERROR;
				GCC_WARN_UNDECLARED_SELECTOR = YES;
				GCC_WARN_UNINITIALIZED_AUTOS = YES_AGGRESSIVE;
				GCC_WARN_UNUSED_FUNCTION = YES;
				GCC_WARN_UNUSED_VARIABLE = YES;
				IPHONEOS_DEPLOYMENT_TARGET = 9.3;
				MTL_ENABLE_DEBUG_INFO = YES;
				ONLY_ACTIVE_ARCH = YES;
				SDKROOT = iphoneos;
				SWIFT_OPTIMIZATION_LEVEL = "-Onone";
			};
			name = Debug;
		};
		D793ADD11D30147D00789D32 /* Release */ = {
			isa = XCBuildConfiguration;
			buildSettings = {
				ALWAYS_SEARCH_USER_PATHS = NO;
				CLANG_ANALYZER_NONNULL = YES;
				CLANG_CXX_LANGUAGE_STANDARD = "gnu++0x";
				CLANG_CXX_LIBRARY = "libc++";
				CLANG_ENABLE_MODULES = YES;
				CLANG_ENABLE_OBJC_ARC = YES;
				CLANG_WARN_BOOL_CONVERSION = YES;
				CLANG_WARN_CONSTANT_CONVERSION = YES;
				CLANG_WARN_DIRECT_OBJC_ISA_USAGE = YES_ERROR;
				CLANG_WARN_EMPTY_BODY = YES;
				CLANG_WARN_ENUM_CONVERSION = YES;
				CLANG_WARN_INT_CONVERSION = YES;
				CLANG_WARN_OBJC_ROOT_CLASS = YES_ERROR;
				CLANG_WARN_UNREACHABLE_CODE = YES;
				CLANG_WARN__DUPLICATE_METHOD_MATCH = YES;
				"CODE_SIGN_IDENTITY[sdk=iphoneos*]" = "iPhone Developer";
				COPY_PHASE_STRIP = NO;
				DEBUG_INFORMATION_FORMAT = "dwarf-with-dsym";
				ENABLE_NS_ASSERTIONS = NO;
				ENABLE_STRICT_OBJC_MSGSEND = YES;
				GCC_C_LANGUAGE_STANDARD = gnu99;
				GCC_NO_COMMON_BLOCKS = YES;
				GCC_WARN_64_TO_32_BIT_CONVERSION = YES;
				GCC_WARN_ABOUT_RETURN_TYPE = YES_ERROR;
				GCC_WARN_UNDECLARED_SELECTOR = YES;
				GCC_WARN_UNINITIALIZED_AUTOS = YES_AGGRESSIVE;
				GCC_WARN_UNUSED_FUNCTION = YES;
				GCC_WARN_UNUSED_VARIABLE = YES;
				IPHONEOS_DEPLOYMENT_TARGET = 9.3;
				MTL_ENABLE_DEBUG_INFO = NO;
				SDKROOT = iphoneos;
				VALIDATE_PRODUCT = YES;
			};
			name = Release;
		};
		D793ADD31D30147D00789D32 /* Debug */ = {
			isa = XCBuildConfiguration;
			baseConfigurationReference = 5EB1F260D4F8610E8DE052DC /* Pods-PokeApp.debug.xcconfig */;
			buildSettings = {
				ASSETCATALOG_COMPILER_APPICON_NAME = AppIcon;
				INFOPLIST_FILE = PokeApp/Info.plist;
				LD_RUNPATH_SEARCH_PATHS = "$(inherited) @executable_path/Frameworks";
				PRODUCT_BUNDLE_IDENTIFIER = dk.PokeApp;
				PRODUCT_NAME = "$(TARGET_NAME)";
			};
			name = Debug;
		};
		D793ADD41D30147D00789D32 /* Release */ = {
			isa = XCBuildConfiguration;
			baseConfigurationReference = 78C9F40E7AC2FB39EE455D48 /* Pods-PokeApp.release.xcconfig */;
			buildSettings = {
				ASSETCATALOG_COMPILER_APPICON_NAME = AppIcon;
				INFOPLIST_FILE = PokeApp/Info.plist;
				LD_RUNPATH_SEARCH_PATHS = "$(inherited) @executable_path/Frameworks";
				PRODUCT_BUNDLE_IDENTIFIER = dk.PokeApp;
				PRODUCT_NAME = "$(TARGET_NAME)";
			};
			name = Release;
		};
/* End XCBuildConfiguration section */

/* Begin XCConfigurationList section */
		D793ADBB1D30147D00789D32 /* Build configuration list for PBXProject "PokeApp" */ = {
			isa = XCConfigurationList;
			buildConfigurations = (
				D793ADD01D30147D00789D32 /* Debug */,
				D793ADD11D30147D00789D32 /* Release */,
			);
			defaultConfigurationIsVisible = 0;
			defaultConfigurationName = Release;
		};
		D793ADD21D30147D00789D32 /* Build configuration list for PBXNativeTarget "PokeApp" */ = {
			isa = XCConfigurationList;
			buildConfigurations = (
				D793ADD31D30147D00789D32 /* Debug */,
				D793ADD41D30147D00789D32 /* Release */,
			);
			defaultConfigurationIsVisible = 0;
			defaultConfigurationName = Release;
		};
/* End XCConfigurationList section */
	};
	rootObject = D793ADB81D30147D00789D32 /* Project object */;
}
